
Microsoft Visual Studio Solution File, Format Version 12.00
# Visual Studio Version 17
VisualStudioVersion = 17.14.36121.58 d17.14
MinimumVisualStudioVersion = 10.0.40219.1
Project("{FAE04EC0-301F-11D3-BF4B-00C04F79EFBC}") = "DemoApp", "DemoApp.csproj", "{EA9A8D19-A077-45FB-8D84-45724B9B10DA}"
EndProject
Global
	GlobalSection(SolutionConfigurationPlatforms) = preSolution
		Debug|Any CPU = Debug|Any CPU
		Release|Any CPU = Release|Any CPU
	EndGlobalSection
	GlobalSection(ProjectConfigurationPlatforms) = postSolution
		{EA9A8D19-A077-45FB-8D84-45724B9B10DA}.Debug|Any CPU.ActiveCfg = Debug|Any CPU
		{EA9A8D19-A077-45FB-8D84-45724B9B10DA}.Debug|Any CPU.Build.0 = Debug|Any CPU
		{EA9A8D19-A077-45FB-8D84-45724B9B10DA}.Release|Any CPU.ActiveCfg = Release|Any CPU
		{EA9A8D19-A077-45FB-8D84-45724B9B10DA}.Release|Any CPU.Build.0 = Release|Any CPU
	EndGlobalSection
	GlobalSection(SolutionProperties) = preSolution
		HideSolutionNode = FALSE
	EndGlobalSection
	GlobalSection(ExtensibilityGlobals) = postSolution
		SolutionGuid = {80C690B1-D5E2-449D-989E-3AB6FEBFB774}
	EndGlobalSection
EndGlobal
